
Microsoft Visual Studio Solution File, Format Version 12.00
# Visual Studio Version 16
VisualStudioVersion = 16.0.30804.86
MinimumVisualStudioVersion = 10.0.40219.1
Project("{2150E333-8FDC-42A3-9474-1A3956D46DE8}") = "src", "src", "{1B80384E-0241-4BA0-AAD6-02F733F2CD32}"
EndProject
Project("{2150E333-8FDC-42A3-9474-1A3956D46DE8}") = "Building Blocks", "Building Blocks", "{80179B2F-7470-4192-89CC-34F85286F9EF}"
EndProject
Project("{2150E333-8FDC-42A3-9474-1A3956D46DE8}") = "Services", "Services", "{A50C9E20-3E70-4768-A22E-E1F8C0F6BAAB}"
EndProject
Project("{2150E333-8FDC-42A3-9474-1A3956D46DE8}") = "Web", "Web", "{8241984B-41AB-4846-A348-9C520CCE18C3}"
EndProject
Project("{2150E333-8FDC-42A3-9474-1A3956D46DE8}") = "Identidade", "Identidade", "{111C737E-F1CA-4509-98CC-F5A5FADA347E}"
EndProject
Project("{9A19103F-16F7-4668-BE54-9A1E7A4F7556}") = "NSE.Identidade.API", "src\services\NSE.Identidade.API\NSE.Identidade.API.csproj", "{0F150B80-5E5F-4BD6-8074-53BE68BD18AC}"
EndProject
Project("{2150E333-8FDC-42A3-9474-1A3956D46DE8}") = "MVC", "MVC", "{33AB7BA5-220B-4064-9635-AB9F76E6E331}"
EndProject
Project("{9A19103F-16F7-4668-BE54-9A1E7A4F7556}") = "NSE.WebApp.MVC", "src\web\NSE.WebApp.MVC\NSE.WebApp.MVC.csproj", "{E2C8738D-60F2-448F-8063-C2B1F18BBA72}"
EndProject
Project("{2150E333-8FDC-42A3-9474-1A3956D46DE8}") = "Core", "Core", "{3CF73074-04AD-4024-A8E8-90EE0426682C}"
EndProject
Project("{9A19103F-16F7-4668-BE54-9A1E7A4F7556}") = "NSE.Core", "src\building blocks\NSE.Core\NSE.Core.csproj", "{FF3194B1-7D9D-4745-AB56-19FF96693C8C}"
EndProject
Project("{2150E333-8FDC-42A3-9474-1A3956D46DE8}") = "Pedido", "Pedido", "{A0016DC6-2377-430C-BA7D-B81D8297AD19}"
EndProject
Project("{9A19103F-16F7-4668-BE54-9A1E7A4F7556}") = "NSE.Pedido.API", "src\services\NSE.Pedido.API\NSE.Pedido.API.csproj", "{72C518E8-E0DA-4DF0-BD84-027CDC240447}"
EndProject
Project("{2150E333-8FDC-42A3-9474-1A3956D46DE8}") = "Carrinho", "Carrinho", "{E3442725-7FEE-436D-9239-9537E3DD2C71}"
EndProject
Project("{9A19103F-16F7-4668-BE54-9A1E7A4F7556}") = "NSE.Carrinho.API", "src\services\NSE.Carrinho.API\NSE.Carrinho.API.csproj", "{469C9A22-8E78-4023-88A4-C39465160CBF}"
EndProject
Project("{2150E333-8FDC-42A3-9474-1A3956D46DE8}") = "Catalogo", "Catalogo", "{96CF279F-E303-4DAD-8100-8D7048F7EE74}"
EndProject
Project("{9A19103F-16F7-4668-BE54-9A1E7A4F7556}") = "NSE.Catalogo.API", "src\services\NSE.Catalogo.API\NSE.Catalogo.API.csproj", "{3F8C45A1-8737-4868-9D2C-6B97B2671D5A}"
EndProject
Project("{9A19103F-16F7-4668-BE54-9A1E7A4F7556}") = "NSE.Pagamento.API", "src\services\NSE.Pagamento.API\NSE.Pagamento.API.csproj", "{C1E9B6CE-9D8C-433F-A5B5-7FB71E5BF5DC}"
EndProject
Project("{E53339B2-1760-4266-BCC7-CA923CBCF16C}") = "docker-compose", "docker-compose.dcproj", "{0BDE3F44-AA54-4699-B108-C8714E2BF2AC}"
EndProject
Project("{2150E333-8FDC-42A3-9474-1A3956D46DE8}") = "sql", "sql", "{F4285438-F839-40C9-B5C6-EF4B67CD398D}"
EndProject
Project("{2150E333-8FDC-42A3-9474-1A3956D46DE8}") = "Pagamento", "Pagamento", "{155D7B92-EC49-40C9-B1E0-82477FA26C3B}"
EndProject
Project("{2150E333-8FDC-42A3-9474-1A3956D46DE8}") = "Solution Items", "Solution Items", "{EB9CB915-D7F6-4873-90F6-7056A49B6C39}"
	ProjectSection(SolutionItems) = preProject
		Nuget.config = Nuget.config
	EndProjectSection
EndProject
Global
	GlobalSection(SolutionConfigurationPlatforms) = preSolution
		Debug|Any CPU = Debug|Any CPU
		Release|Any CPU = Release|Any CPU
	EndGlobalSection
	GlobalSection(ProjectConfigurationPlatforms) = postSolution
		{0F150B80-5E5F-4BD6-8074-53BE68BD18AC}.Debug|Any CPU.ActiveCfg = Debug|Any CPU
		{0F150B80-5E5F-4BD6-8074-53BE68BD18AC}.Debug|Any CPU.Build.0 = Debug|Any CPU
		{0F150B80-5E5F-4BD6-8074-53BE68BD18AC}.Release|Any CPU.ActiveCfg = Release|Any CPU
		{0F150B80-5E5F-4BD6-8074-53BE68BD18AC}.Release|Any CPU.Build.0 = Release|Any CPU
		{E2C8738D-60F2-448F-8063-C2B1F18BBA72}.Debug|Any CPU.ActiveCfg = Debug|Any CPU
		{E2C8738D-60F2-448F-8063-C2B1F18BBA72}.Debug|Any CPU.Build.0 = Debug|Any CPU
		{E2C8738D-60F2-448F-8063-C2B1F18BBA72}.Release|Any CPU.ActiveCfg = Release|Any CPU
		{E2C8738D-60F2-448F-8063-C2B1F18BBA72}.Release|Any CPU.Build.0 = Release|Any CPU
		{FF3194B1-7D9D-4745-AB56-19FF96693C8C}.Debug|Any CPU.ActiveCfg = Debug|Any CPU
		{FF3194B1-7D9D-4745-AB56-19FF96693C8C}.Debug|Any CPU.Build.0 = Debug|Any CPU
		{FF3194B1-7D9D-4745-AB56-19FF96693C8C}.Release|Any CPU.ActiveCfg = Release|Any CPU
		{FF3194B1-7D9D-4745-AB56-19FF96693C8C}.Release|Any CPU.Build.0 = Release|Any CPU
		{72C518E8-E0DA-4DF0-BD84-027CDC240447}.Debug|Any CPU.ActiveCfg = Debug|Any CPU
		{72C518E8-E0DA-4DF0-BD84-027CDC240447}.Debug|Any CPU.Build.0 = Debug|Any CPU
		{72C518E8-E0DA-4DF0-BD84-027CDC240447}.Release|Any CPU.ActiveCfg = Release|Any CPU
		{72C518E8-E0DA-4DF0-BD84-027CDC240447}.Release|Any CPU.Build.0 = Release|Any CPU
		{469C9A22-8E78-4023-88A4-C39465160CBF}.Debug|Any CPU.ActiveCfg = Debug|Any CPU
		{469C9A22-8E78-4023-88A4-C39465160CBF}.Debug|Any CPU.Build.0 = Debug|Any CPU
		{469C9A22-8E78-4023-88A4-C39465160CBF}.Release|Any CPU.ActiveCfg = Release|Any CPU
		{469C9A22-8E78-4023-88A4-C39465160CBF}.Release|Any CPU.Build.0 = Release|Any CPU
		{3F8C45A1-8737-4868-9D2C-6B97B2671D5A}.Debug|Any CPU.ActiveCfg = Debug|Any CPU
		{3F8C45A1-8737-4868-9D2C-6B97B2671D5A}.Debug|Any CPU.Build.0 = Debug|Any CPU
		{3F8C45A1-8737-4868-9D2C-6B97B2671D5A}.Release|Any CPU.ActiveCfg = Release|Any CPU
		{3F8C45A1-8737-4868-9D2C-6B97B2671D5A}.Release|Any CPU.Build.0 = Release|Any CPU
		{C1E9B6CE-9D8C-433F-A5B5-7FB71E5BF5DC}.Debug|Any CPU.ActiveCfg = Debug|Any CPU
		{C1E9B6CE-9D8C-433F-A5B5-7FB71E5BF5DC}.Debug|Any CPU.Build.0 = Debug|Any CPU
		{C1E9B6CE-9D8C-433F-A5B5-7FB71E5BF5DC}.Release|Any CPU.ActiveCfg = Release|Any CPU
		{C1E9B6CE-9D8C-433F-A5B5-7FB71E5BF5DC}.Release|Any CPU.Build.0 = Release|Any CPU
		{0BDE3F44-AA54-4699-B108-C8714E2BF2AC}.Debug|Any CPU.ActiveCfg = Debug|Any CPU
		{0BDE3F44-AA54-4699-B108-C8714E2BF2AC}.Debug|Any CPU.Build.0 = Debug|Any CPU
		{0BDE3F44-AA54-4699-B108-C8714E2BF2AC}.Release|Any CPU.ActiveCfg = Release|Any CPU
		{0BDE3F44-AA54-4699-B108-C8714E2BF2AC}.Release|Any CPU.Build.0 = Release|Any CPU
	EndGlobalSection
	GlobalSection(SolutionProperties) = preSolution
		HideSolutionNode = FALSE
	EndGlobalSection
	GlobalSection(NestedProjects) = preSolution
		{80179B2F-7470-4192-89CC-34F85286F9EF} = {1B80384E-0241-4BA0-AAD6-02F733F2CD32}
		{A50C9E20-3E70-4768-A22E-E1F8C0F6BAAB} = {1B80384E-0241-4BA0-AAD6-02F733F2CD32}
		{8241984B-41AB-4846-A348-9C520CCE18C3} = {1B80384E-0241-4BA0-AAD6-02F733F2CD32}
		{111C737E-F1CA-4509-98CC-F5A5FADA347E} = {A50C9E20-3E70-4768-A22E-E1F8C0F6BAAB}
		{0F150B80-5E5F-4BD6-8074-53BE68BD18AC} = {111C737E-F1CA-4509-98CC-F5A5FADA347E}
		{33AB7BA5-220B-4064-9635-AB9F76E6E331} = {8241984B-41AB-4846-A348-9C520CCE18C3}
		{E2C8738D-60F2-448F-8063-C2B1F18BBA72} = {33AB7BA5-220B-4064-9635-AB9F76E6E331}
		{3CF73074-04AD-4024-A8E8-90EE0426682C} = {80179B2F-7470-4192-89CC-34F85286F9EF}
		{FF3194B1-7D9D-4745-AB56-19FF96693C8C} = {3CF73074-04AD-4024-A8E8-90EE0426682C}
		{A0016DC6-2377-430C-BA7D-B81D8297AD19} = {A50C9E20-3E70-4768-A22E-E1F8C0F6BAAB}
		{72C518E8-E0DA-4DF0-BD84-027CDC240447} = {A0016DC6-2377-430C-BA7D-B81D8297AD19}
		{E3442725-7FEE-436D-9239-9537E3DD2C71} = {A50C9E20-3E70-4768-A22E-E1F8C0F6BAAB}
		{469C9A22-8E78-4023-88A4-C39465160CBF} = {E3442725-7FEE-436D-9239-9537E3DD2C71}
		{96CF279F-E303-4DAD-8100-8D7048F7EE74} = {A50C9E20-3E70-4768-A22E-E1F8C0F6BAAB}
		{3F8C45A1-8737-4868-9D2C-6B97B2671D5A} = {96CF279F-E303-4DAD-8100-8D7048F7EE74}
		{C1E9B6CE-9D8C-433F-A5B5-7FB71E5BF5DC} = {155D7B92-EC49-40C9-B1E0-82477FA26C3B}
		{155D7B92-EC49-40C9-B1E0-82477FA26C3B} = {A50C9E20-3E70-4768-A22E-E1F8C0F6BAAB}
	EndGlobalSection
	GlobalSection(ExtensibilityGlobals) = postSolution
		SolutionGuid = {7E78E425-A6C4-4A11-83AD-BF4FFC0469DC}
	EndGlobalSection
EndGlobal
